
Microsoft Visual Studio Solution File, Format Version 12.00
# Visual Studio Version 17
VisualStudioVersion = 17.0.31903.59
MinimumVisualStudioVersion = 10.0.40219.1
Project("{00D1A9C2-B5F0-4AF3-8072-F6C62B433612}") = "BD-Universidades", "BD-Universidades.sqlproj", "{2E637822-7249-4629-80B1-EFA45A2C9B29}"
EndProject
Global
	GlobalSection(SolutionConfigurationPlatforms) = preSolution
		Debug|Any CPU = Debug|Any CPU
		Release|Any CPU = Release|Any CPU
	EndGlobalSection
	GlobalSection(ProjectConfigurationPlatforms) = postSolution
		{2E637822-7249-4629-80B1-EFA45A2C9B29}.Debug|Any CPU.ActiveCfg = Debug|Any CPU
		{2E637822-7249-4629-80B1-EFA45A2C9B29}.Debug|Any CPU.Build.0 = Debug|Any CPU
		{2E637822-7249-4629-80B1-EFA45A2C9B29}.Debug|Any CPU.Deploy.0 = Debug|Any CPU
		{2E637822-7249-4629-80B1-EFA45A2C9B29}.Release|Any CPU.ActiveCfg = Release|Any CPU
		{2E637822-7249-4629-80B1-EFA45A2C9B29}.Release|Any CPU.Build.0 = Release|Any CPU
		{2E637822-7249-4629-80B1-EFA45A2C9B29}.Release|Any CPU.Deploy.0 = Release|Any CPU
	EndGlobalSection
	GlobalSection(SolutionProperties) = preSolution
		HideSolutionNode = FALSE
	EndGlobalSection
	GlobalSection(ExtensibilityGlobals) = postSolution
		SolutionGuid = {DF2DE0F4-7BD5-4980-A8A4-B719B5288B30}
	EndGlobalSection
EndGlobal
